// !$*UTF8*$!
{
	archiveVersion = 1;
	classes = {
	};
	objectVersion = 46;
	objects = {

/* Begin PBXBuildFile section */
		3C29F8A71AD490F100E9EB7C /* Firebase.framework in Frameworks */ = {isa = PBXBuildFile; fileRef = 3C29F8A61AD490F100E9EB7C /* Firebase.framework */; };
		3C29F8A91AD4911000E9EB7C /* libicucore.dylib in Frameworks */ = {isa = PBXBuildFile; fileRef = 3C29F8A81AD4911000E9EB7C /* libicucore.dylib */; };
		3C29F8AB1AD4911800E9EB7C /* libc++.dylib in Frameworks */ = {isa = PBXBuildFile; fileRef = 3C29F8AA1AD4911800E9EB7C /* libc++.dylib */; };
		3C29F8AD1AD4911E00E9EB7C /* CFNetwork.framework in Frameworks */ = {isa = PBXBuildFile; fileRef = 3C29F8AC1AD4911E00E9EB7C /* CFNetwork.framework */; };
		3C29F8AF1AD4912500E9EB7C /* Security.framework in Frameworks */ = {isa = PBXBuildFile; fileRef = 3C29F8AE1AD4912500E9EB7C /* Security.framework */; };
		3C29F8B11AD4913100E9EB7C /* SystemConfiguration.framework in Frameworks */ = {isa = PBXBuildFile; fileRef = 3C29F8B01AD4913000E9EB7C /* SystemConfiguration.framework */; };
		3C29F8B31AD4914100E9EB7C /* QuartzCore.framework in Frameworks */ = {isa = PBXBuildFile; fileRef = 3C29F8B21AD4914100E9EB7C /* QuartzCore.framework */; };
		3C35A38E1AE8BC4600608FA8 /* LeaderCell.m in Sources */ = {isa = PBXBuildFile; fileRef = 3C35A38D1AE8BC4600608FA8 /* LeaderCell.m */; };
		3C3F06E41AE780B3009B8B41 /* CustomCell.m in Sources */ = {isa = PBXBuildFile; fileRef = 3C3F06E31AE780B3009B8B41 /* CustomCell.m */; };
		3C3F06E71AE7ABBC009B8B41 /* FriendsViewController.m in Sources */ = {isa = PBXBuildFile; fileRef = 3C3F06E61AE7ABBC009B8B41 /* FriendsViewController.m */; };
		3C45394F1AD4ADDF0038DD1D /* TrackViewController.m in Sources */ = {isa = PBXBuildFile; fileRef = 3C45394E1AD4ADDF0038DD1D /* TrackViewController.m */; };
		3C5F35D81AE5C8B500710197 /* AchievementViewController.m in Sources */ = {isa = PBXBuildFile; fileRef = 3C5F35D71AE5C8B500710197 /* AchievementViewController.m */; };
		3C80506C1AD49F29006583DC /* Accelerate.framework in Frameworks */ = {isa = PBXBuildFile; fileRef = 3C80506B1AD49F29006583DC /* Accelerate.framework */; };
		3CA7E3B91AD33FEB00432446 /* main.m in Sources */ = {isa = PBXBuildFile; fileRef = 3CA7E3B81AD33FEB00432446 /* main.m */; };
		3CA7E3BC1AD33FEB00432446 /* AppDelegate.m in Sources */ = {isa = PBXBuildFile; fileRef = 3CA7E3BB1AD33FEB00432446 /* AppDelegate.m */; };
		3CA7E3BF1AD33FEB00432446 /* ViewController.m in Sources */ = {isa = PBXBuildFile; fileRef = 3CA7E3BE1AD33FEB00432446 /* ViewController.m */; };
		3CA7E3C21AD33FEB00432446 /* Main.storyboard in Resources */ = {isa = PBXBuildFile; fileRef = 3CA7E3C01AD33FEB00432446 /* Main.storyboard */; };
		3CA7E3C41AD33FEB00432446 /* Images.xcassets in Resources */ = {isa = PBXBuildFile; fileRef = 3CA7E3C31AD33FEB00432446 /* Images.xcassets */; };
		3CA7E3C71AD33FEB00432446 /* LaunchScreen.xib in Resources */ = {isa = PBXBuildFile; fileRef = 3CA7E3C51AD33FEB00432446 /* LaunchScreen.xib */; };
		3CA7E3D31AD33FEB00432446 /* WatermelonTests.m in Sources */ = {isa = PBXBuildFile; fileRef = 3CA7E3D21AD33FEB00432446 /* WatermelonTests.m */; };
		3CA7E3DF1AD342F200432446 /* sea.jpg in Resources */ = {isa = PBXBuildFile; fileRef = 3CA7E3DE1AD342F200432446 /* sea.jpg */; };
		3CA7E3E31AD34B8700432446 /* gray backgound.jpg in Resources */ = {isa = PBXBuildFile; fileRef = 3CA7E3E21AD34B8700432446 /* gray backgound.jpg */; };
		3CA7E3E71AD3591B00432446 /* logo2 (1).bmp in Resources */ = {isa = PBXBuildFile; fileRef = 3CA7E3E61AD3591B00432446 /* logo2 (1).bmp */; };
		3CA7E3E91AD359F800432446 /* Light-Grey-Background.jpg in Resources */ = {isa = PBXBuildFile; fileRef = 3CA7E3E81AD359F800432446 /* Light-Grey-Background.jpg */; };
		3CA7E3EB1AD35CD200432446 /* blurredsea.png in Resources */ = {isa = PBXBuildFile; fileRef = 3CA7E3EA1AD35CD200432446 /* blurredsea.png */; };
		3CA7E3ED1AD35DFB00432446 /* philcircle.png in Resources */ = {isa = PBXBuildFile; fileRef = 3CA7E3EC1AD35DFB00432446 /* philcircle.png */; };
		3CA7E3F31AD3714200432446 /* logo.png in Resources */ = {isa = PBXBuildFile; fileRef = 3CA7E3F21AD3714200432446 /* logo.png */; };
		3CA7E3F91AD39FC300432446 /* verticalsea.jpg in Resources */ = {isa = PBXBuildFile; fileRef = 3CA7E3F81AD39FC300432446 /* verticalsea.jpg */; };
		3CA7E3FB1AD3B91100432446 /* login with facebook.png in Resources */ = {isa = PBXBuildFile; fileRef = 3CA7E3FA1AD3B91100432446 /* login with facebook.png */; };
		3CA7E3FD1AD3B9CD00432446 /* facebook-icon.png in Resources */ = {isa = PBXBuildFile; fileRef = 3CA7E3FC1AD3B9CD00432446 /* facebook-icon.png */; };
		3CB63A5E1AE0138E00447B70 /* (achievement) american.png in Resources */ = {isa = PBXBuildFile; fileRef = 3CB63A3E1AE0138E00447B70 /* (achievement) american.png */; };
		3CB63A5F1AE0138E00447B70 /* (achievement) locked.png in Resources */ = {isa = PBXBuildFile; fileRef = 3CB63A3F1AE0138E00447B70 /* (achievement) locked.png */; };
		3CB63A601AE0138E00447B70 /* (achievement) unlocked.png in Resources */ = {isa = PBXBuildFile; fileRef = 3CB63A401AE0138E00447B70 /* (achievement) unlocked.png */; };
		3CB63A611AE0138E00447B70 /* (achievement)Euro.png in Resources */ = {isa = PBXBuildFile; fileRef = 3CB63A411AE0138E00447B70 /* (achievement)Euro.png */; };
		3CB63A621AE0138E00447B70 /* (achievements) frog.png in Resources */ = {isa = PBXBuildFile; fileRef = 3CB63A421AE0138E00447B70 /* (achievements) frog.png */; };
		3CB63A631AE0138E00447B70 /* (achievements)koala.png in Resources */ = {isa = PBXBuildFile; fileRef = 3CB63A431AE0138E00447B70 /* (achievements)koala.png */; };
		3CB63A641AE0138E00447B70 /* (add challenge find friends) close.png in Resources */ = {isa = PBXBuildFile; fileRef = 3CB63A441AE0138E00447B70 /* (add challenge find friends) close.png */; };
		3CB63A651AE0138E00447B70 /* (add challenge find friends) search.png in Resources */ = {isa = PBXBuildFile; fileRef = 3CB63A451AE0138E00447B70 /* (add challenge find friends) search.png */; };
		3CB63A661AE0138E00447B70 /* (bar) achievement.png in Resources */ = {isa = PBXBuildFile; fileRef = 3CB63A461AE0138E00447B70 /* (bar) achievement.png */; };
		3CB63A671AE0138E00447B70 /* (bar) achievement(selected.png in Resources */ = {isa = PBXBuildFile; fileRef = 3CB63A471AE0138E00447B70 /* (bar) achievement(selected.png */; };
		3CB63A681AE0138E00447B70 /* (bar) challenge.png in Resources */ = {isa = PBXBuildFile; fileRef = 3CB63A481AE0138E00447B70 /* (bar) challenge.png */; };
		3CB63A691AE0138E00447B70 /* (bar) friends-selected.png in Resources */ = {isa = PBXBuildFile; fileRef = 3CB63A491AE0138E00447B70 /* (bar) friends-selected.png */; };
		3CB63A6A1AE0138E00447B70 /* (bar) friends.png in Resources */ = {isa = PBXBuildFile; fileRef = 3CB63A4A1AE0138E00447B70 /* (bar) friends.png */; };
		3CB63A6B1AE0138E00447B70 /* (bar) graph-selected.png in Resources */ = {isa = PBXBuildFile; fileRef = 3CB63A4B1AE0138E00447B70 /* (bar) graph-selected.png */; };
		3CB63A6C1AE0138E00447B70 /* (bar) graph.png in Resources */ = {isa = PBXBuildFile; fileRef = 3CB63A4C1AE0138E00447B70 /* (bar) graph.png */; };
		3CB63A6D1AE0138E00447B70 /* (bar) home-selected.png in Resources */ = {isa = PBXBuildFile; fileRef = 3CB63A4D1AE0138E00447B70 /* (bar) home-selected.png */; };
		3CB63A6E1AE0138E00447B70 /* (bar) home.png in Resources */ = {isa = PBXBuildFile; fileRef = 3CB63A4E1AE0138E00447B70 /* (bar) home.png */; };
		3CB63A6F1AE0138E00447B70 /* (bar) menu.png in Resources */ = {isa = PBXBuildFile; fileRef = 3CB63A4F1AE0138E00447B70 /* (bar) menu.png */; };
		3CB63A701AE0138E00447B70 /* (friends challenge) champ.png in Resources */ = {isa = PBXBuildFile; fileRef = 3CB63A501AE0138E00447B70 /* (friends challenge) champ.png */; };
		3CB63A711AE0138E00447B70 /* (friends challenge) inprogress.png in Resources */ = {isa = PBXBuildFile; fileRef = 3CB63A511AE0138E00447B70 /* (friends challenge) inprogress.png */; };
		3CB63A721AE0138E00447B70 /* (friends leaderboard) alex.png in Resources */ = {isa = PBXBuildFile; fileRef = 3CB63A521AE0138E00447B70 /* (friends leaderboard) alex.png */; };
		3CB63A731AE0138E00447B70 /* (friends leaderboard) jay.png in Resources */ = {isa = PBXBuildFile; fileRef = 3CB63A531AE0138E00447B70 /* (friends leaderboard) jay.png */; };
		3CB63A741AE0138E00447B70 /* (friends leaderboard) mitchel.png in Resources */ = {isa = PBXBuildFile; fileRef = 3CB63A541AE0138E00447B70 /* (friends leaderboard) mitchel.png */; };
		3CB63A751AE0138E00447B70 /* (home) frog.png in Resources */ = {isa = PBXBuildFile; fileRef = 3CB63A551AE0138E00447B70 /* (home) frog.png */; };
		3CB63A761AE0138E00447B70 /* (home) hippo.png in Resources */ = {isa = PBXBuildFile; fileRef = 3CB63A561AE0138E00447B70 /* (home) hippo.png */; };
		3CB63A771AE0138E00447B70 /* (menu) about.png in Resources */ = {isa = PBXBuildFile; fileRef = 3CB63A571AE0138E00447B70 /* (menu) about.png */; };
		3CB63A781AE0138E00447B70 /* (menu) friends.png in Resources */ = {isa = PBXBuildFile; fileRef = 3CB63A581AE0138E00447B70 /* (menu) friends.png */; };
		3CB63A791AE0138E00447B70 /* (menu) home.png in Resources */ = {isa = PBXBuildFile; fileRef = 3CB63A591AE0138E00447B70 /* (menu) home.png */; };
		3CB63A7A1AE0138E00447B70 /* (menu) invite.png in Resources */ = {isa = PBXBuildFile; fileRef = 3CB63A5A1AE0138E00447B70 /* (menu) invite.png */; };
		3CB63A7B1AE0138E00447B70 /* (menu) notification.png in Resources */ = {isa = PBXBuildFile; fileRef = 3CB63A5B1AE0138E00447B70 /* (menu) notification.png */; };
		3CB63A7C1AE0138E00447B70 /* (menu) settings.png in Resources */ = {isa = PBXBuildFile; fileRef = 3CB63A5C1AE0138E00447B70 /* (menu) settings.png */; };
		3CB63A7D1AE0138E00447B70 /* (menu) tips.png in Resources */ = {isa = PBXBuildFile; fileRef = 3CB63A5D1AE0138E00447B70 /* (menu) tips.png */; };
		3CB63A801AE01A1000447B70 /* MenuViewController.m in Sources */ = {isa = PBXBuildFile; fileRef = 3CB63A7F1AE01A1000447B70 /* MenuViewController.m */; };
		3CB63A821AE01C5A00447B70 /* Phil.jpg in Resources */ = {isa = PBXBuildFile; fileRef = 3CB63A811AE01C5A00447B70 /* Phil.jpg */; };
		3CCB76CA1ADC8E3900BED9E8 /* JBBarChartView.m in Sources */ = {isa = PBXBuildFile; fileRef = 3CCB76C51ADC8E3900BED9E8 /* JBBarChartView.m */; };
		3CCB76CB1ADC8E3900BED9E8 /* JBChartView.m in Sources */ = {isa = PBXBuildFile; fileRef = 3CCB76C71ADC8E3900BED9E8 /* JBChartView.m */; };
		3CCB76CC1ADC8E3900BED9E8 /* JBLineChartView.m in Sources */ = {isa = PBXBuildFile; fileRef = 3CCB76C91ADC8E3900BED9E8 /* JBLineChartView.m */; };
		3CCB76CF1ADD34D800BED9E8 /* DLPieChart.m in Sources */ = {isa = PBXBuildFile; fileRef = 3CCB76CE1ADD34D800BED9E8 /* DLPieChart.m */; };
/* End PBXBuildFile section */

/* Begin PBXContainerItemProxy section */
		3CA7E3CD1AD33FEB00432446 /* PBXContainerItemProxy */ = {
			isa = PBXContainerItemProxy;
			containerPortal = 3CA7E3AB1AD33FEB00432446 /* Project object */;
			proxyType = 1;
			remoteGlobalIDString = 3CA7E3B21AD33FEB00432446;
			remoteInfo = Watermelon;
		};
/* End PBXContainerItemProxy section */

/* Begin PBXFileReference section */
		3C29F8A61AD490F100E9EB7C /* Firebase.framework */ = {isa = PBXFileReference; lastKnownFileType = wrapper.framework; path = Firebase.framework; sourceTree = "<group>"; };
		3C29F8A81AD4911000E9EB7C /* libicucore.dylib */ = {isa = PBXFileReference; lastKnownFileType = "compiled.mach-o.dylib"; name = libicucore.dylib; path = usr/lib/libicucore.dylib; sourceTree = SDKROOT; };
		3C29F8AA1AD4911800E9EB7C /* libc++.dylib */ = {isa = PBXFileReference; lastKnownFileType = "compiled.mach-o.dylib"; name = "libc++.dylib"; path = "usr/lib/libc++.dylib"; sourceTree = SDKROOT; };
		3C29F8AC1AD4911E00E9EB7C /* CFNetwork.framework */ = {isa = PBXFileReference; lastKnownFileType = wrapper.framework; name = CFNetwork.framework; path = System/Library/Frameworks/CFNetwork.framework; sourceTree = SDKROOT; };
		3C29F8AE1AD4912500E9EB7C /* Security.framework */ = {isa = PBXFileReference; lastKnownFileType = wrapper.framework; name = Security.framework; path = System/Library/Frameworks/Security.framework; sourceTree = SDKROOT; };
		3C29F8B01AD4913000E9EB7C /* SystemConfiguration.framework */ = {isa = PBXFileReference; lastKnownFileType = wrapper.framework; name = SystemConfiguration.framework; path = System/Library/Frameworks/SystemConfiguration.framework; sourceTree = SDKROOT; };
		3C29F8B21AD4914100E9EB7C /* QuartzCore.framework */ = {isa = PBXFileReference; lastKnownFileType = wrapper.framework; name = QuartzCore.framework; path = System/Library/Frameworks/QuartzCore.framework; sourceTree = SDKROOT; };
		3C35A38C1AE8BC4600608FA8 /* LeaderCell.h */ = {isa = PBXFileReference; fileEncoding = 4; lastKnownFileType = sourcecode.c.h; path = LeaderCell.h; sourceTree = "<group>"; };
		3C35A38D1AE8BC4600608FA8 /* LeaderCell.m */ = {isa = PBXFileReference; fileEncoding = 4; lastKnownFileType = sourcecode.c.objc; path = LeaderCell.m; sourceTree = "<group>"; };
		3C3F06E21AE780B3009B8B41 /* CustomCell.h */ = {isa = PBXFileReference; fileEncoding = 4; lastKnownFileType = sourcecode.c.h; path = CustomCell.h; sourceTree = "<group>"; };
		3C3F06E31AE780B3009B8B41 /* CustomCell.m */ = {isa = PBXFileReference; fileEncoding = 4; lastKnownFileType = sourcecode.c.objc; path = CustomCell.m; sourceTree = "<group>"; };
		3C3F06E51AE7ABBC009B8B41 /* FriendsViewController.h */ = {isa = PBXFileReference; fileEncoding = 4; lastKnownFileType = sourcecode.c.h; path = FriendsViewController.h; sourceTree = "<group>"; };
		3C3F06E61AE7ABBC009B8B41 /* FriendsViewController.m */ = {isa = PBXFileReference; fileEncoding = 4; lastKnownFileType = sourcecode.c.objc; path = FriendsViewController.m; sourceTree = "<group>"; };
		3C45394D1AD4ADDF0038DD1D /* TrackViewController.h */ = {isa = PBXFileReference; fileEncoding = 4; lastKnownFileType = sourcecode.c.h; path = TrackViewController.h; sourceTree = "<group>"; };
		3C45394E1AD4ADDF0038DD1D /* TrackViewController.m */ = {isa = PBXFileReference; fileEncoding = 4; lastKnownFileType = sourcecode.c.objc; path = TrackViewController.m; sourceTree = "<group>"; };
		3C5F35D61AE5C8B500710197 /* AchievementViewController.h */ = {isa = PBXFileReference; fileEncoding = 4; lastKnownFileType = sourcecode.c.h; path = AchievementViewController.h; sourceTree = "<group>"; };
		3C5F35D71AE5C8B500710197 /* AchievementViewController.m */ = {isa = PBXFileReference; fileEncoding = 4; lastKnownFileType = sourcecode.c.objc; path = AchievementViewController.m; sourceTree = "<group>"; };
		3C80506B1AD49F29006583DC /* Accelerate.framework */ = {isa = PBXFileReference; lastKnownFileType = wrapper.framework; name = Accelerate.framework; path = System/Library/Frameworks/Accelerate.framework; sourceTree = SDKROOT; };
		3CA7E3B31AD33FEB00432446 /* Watermelon.app */ = {isa = PBXFileReference; explicitFileType = wrapper.application; includeInIndex = 0; path = Watermelon.app; sourceTree = BUILT_PRODUCTS_DIR; };
		3CA7E3B71AD33FEB00432446 /* Info.plist */ = {isa = PBXFileReference; lastKnownFileType = text.plist.xml; path = Info.plist; sourceTree = "<group>"; };
		3CA7E3B81AD33FEB00432446 /* main.m */ = {isa = PBXFileReference; lastKnownFileType = sourcecode.c.objc; path = main.m; sourceTree = "<group>"; };
		3CA7E3BA1AD33FEB00432446 /* AppDelegate.h */ = {isa = PBXFileReference; lastKnownFileType = sourcecode.c.h; path = AppDelegate.h; sourceTree = "<group>"; };
		3CA7E3BB1AD33FEB00432446 /* AppDelegate.m */ = {isa = PBXFileReference; lastKnownFileType = sourcecode.c.objc; path = AppDelegate.m; sourceTree = "<group>"; };
		3CA7E3BD1AD33FEB00432446 /* ViewController.h */ = {isa = PBXFileReference; lastKnownFileType = sourcecode.c.h; path = ViewController.h; sourceTree = "<group>"; };
		3CA7E3BE1AD33FEB00432446 /* ViewController.m */ = {isa = PBXFileReference; lastKnownFileType = sourcecode.c.objc; path = ViewController.m; sourceTree = "<group>"; };
		3CA7E3C11AD33FEB00432446 /* Base */ = {isa = PBXFileReference; lastKnownFileType = file.storyboard; name = Base; path = Base.lproj/Main.storyboard; sourceTree = "<group>"; };
		3CA7E3C31AD33FEB00432446 /* Images.xcassets */ = {isa = PBXFileReference; lastKnownFileType = folder.assetcatalog; path = Images.xcassets; sourceTree = "<group>"; };
		3CA7E3C61AD33FEB00432446 /* Base */ = {isa = PBXFileReference; lastKnownFileType = file.xib; name = Base; path = Base.lproj/LaunchScreen.xib; sourceTree = "<group>"; };
		3CA7E3CC1AD33FEB00432446 /* WatermelonTests.xctest */ = {isa = PBXFileReference; explicitFileType = wrapper.cfbundle; includeInIndex = 0; path = WatermelonTests.xctest; sourceTree = BUILT_PRODUCTS_DIR; };
		3CA7E3D11AD33FEB00432446 /* Info.plist */ = {isa = PBXFileReference; lastKnownFileType = text.plist.xml; path = Info.plist; sourceTree = "<group>"; };
		3CA7E3D21AD33FEB00432446 /* WatermelonTests.m */ = {isa = PBXFileReference; lastKnownFileType = sourcecode.c.objc; path = WatermelonTests.m; sourceTree = "<group>"; };
		3CA7E3DE1AD342F200432446 /* sea.jpg */ = {isa = PBXFileReference; lastKnownFileType = image.jpeg; path = sea.jpg; sourceTree = "<group>"; };
		3CA7E3E21AD34B8700432446 /* gray backgound.jpg */ = {isa = PBXFileReference; lastKnownFileType = image.jpeg; path = "gray backgound.jpg"; sourceTree = "<group>"; };
		3CA7E3E61AD3591B00432446 /* logo2 (1).bmp */ = {isa = PBXFileReference; lastKnownFileType = image.bmp; path = "logo2 (1).bmp"; sourceTree = "<group>"; };
		3CA7E3E81AD359F800432446 /* Light-Grey-Background.jpg */ = {isa = PBXFileReference; lastKnownFileType = image.jpeg; path = "Light-Grey-Background.jpg"; sourceTree = "<group>"; };
		3CA7E3EA1AD35CD200432446 /* blurredsea.png */ = {isa = PBXFileReference; lastKnownFileType = image.png; path = blurredsea.png; sourceTree = "<group>"; };
		3CA7E3EC1AD35DFB00432446 /* philcircle.png */ = {isa = PBXFileReference; lastKnownFileType = image.png; path = philcircle.png; sourceTree = "<group>"; };
		3CA7E3F21AD3714200432446 /* logo.png */ = {isa = PBXFileReference; lastKnownFileType = image.png; path = logo.png; sourceTree = "<group>"; };
		3CA7E3F81AD39FC300432446 /* verticalsea.jpg */ = {isa = PBXFileReference; lastKnownFileType = image.jpeg; path = verticalsea.jpg; sourceTree = "<group>"; };
		3CA7E3FA1AD3B91100432446 /* login with facebook.png */ = {isa = PBXFileReference; lastKnownFileType = image.png; path = "login with facebook.png"; sourceTree = "<group>"; };
		3CA7E3FC1AD3B9CD00432446 /* facebook-icon.png */ = {isa = PBXFileReference; lastKnownFileType = image.png; path = "facebook-icon.png"; sourceTree = "<group>"; };
		3CB63A3E1AE0138E00447B70 /* (achievement) american.png */ = {isa = PBXFileReference; lastKnownFileType = image.png; path = "(achievement) american.png"; sourceTree = "<group>"; };
		3CB63A3F1AE0138E00447B70 /* (achievement) locked.png */ = {isa = PBXFileReference; lastKnownFileType = image.png; path = "(achievement) locked.png"; sourceTree = "<group>"; };
		3CB63A401AE0138E00447B70 /* (achievement) unlocked.png */ = {isa = PBXFileReference; lastKnownFileType = image.png; path = "(achievement) unlocked.png"; sourceTree = "<group>"; };
		3CB63A411AE0138E00447B70 /* (achievement)Euro.png */ = {isa = PBXFileReference; lastKnownFileType = image.png; path = "(achievement)Euro.png"; sourceTree = "<group>"; };
		3CB63A421AE0138E00447B70 /* (achievements) frog.png */ = {isa = PBXFileReference; lastKnownFileType = image.png; path = "(achievements) frog.png"; sourceTree = "<group>"; };
		3CB63A431AE0138E00447B70 /* (achievements)koala.png */ = {isa = PBXFileReference; lastKnownFileType = image.png; path = "(achievements)koala.png"; sourceTree = "<group>"; };
		3CB63A441AE0138E00447B70 /* (add challenge find friends) close.png */ = {isa = PBXFileReference; lastKnownFileType = image.png; path = "(add challenge find friends) close.png"; sourceTree = "<group>"; };
		3CB63A451AE0138E00447B70 /* (add challenge find friends) search.png */ = {isa = PBXFileReference; lastKnownFileType = image.png; path = "(add challenge find friends) search.png"; sourceTree = "<group>"; };
		3CB63A461AE0138E00447B70 /* (bar) achievement.png */ = {isa = PBXFileReference; lastKnownFileType = image.png; path = "(bar) achievement.png"; sourceTree = "<group>"; };
		3CB63A471AE0138E00447B70 /* (bar) achievement(selected.png */ = {isa = PBXFileReference; lastKnownFileType = image.png; path = "(bar) achievement(selected.png"; sourceTree = "<group>"; };
		3CB63A481AE0138E00447B70 /* (bar) challenge.png */ = {isa = PBXFileReference; lastKnownFileType = image.png; path = "(bar) challenge.png"; sourceTree = "<group>"; };
		3CB63A491AE0138E00447B70 /* (bar) friends-selected.png */ = {isa = PBXFileReference; lastKnownFileType = image.png; path = "(bar) friends-selected.png"; sourceTree = "<group>"; };
		3CB63A4A1AE0138E00447B70 /* (bar) friends.png */ = {isa = PBXFileReference; lastKnownFileType = image.png; path = "(bar) friends.png"; sourceTree = "<group>"; };
		3CB63A4B1AE0138E00447B70 /* (bar) graph-selected.png */ = {isa = PBXFileReference; lastKnownFileType = image.png; path = "(bar) graph-selected.png"; sourceTree = "<group>"; };
		3CB63A4C1AE0138E00447B70 /* (bar) graph.png */ = {isa = PBXFileReference; lastKnownFileType = image.png; path = "(bar) graph.png"; sourceTree = "<group>"; };
		3CB63A4D1AE0138E00447B70 /* (bar) home-selected.png */ = {isa = PBXFileReference; lastKnownFileType = image.png; path = "(bar) home-selected.png"; sourceTree = "<group>"; };
		3CB63A4E1AE0138E00447B70 /* (bar) home.png */ = {isa = PBXFileReference; lastKnownFileType = image.png; path = "(bar) home.png"; sourceTree = "<group>"; };
		3CB63A4F1AE0138E00447B70 /* (bar) menu.png */ = {isa = PBXFileReference; lastKnownFileType = image.png; path = "(bar) menu.png"; sourceTree = "<group>"; };
		3CB63A501AE0138E00447B70 /* (friends challenge) champ.png */ = {isa = PBXFileReference; lastKnownFileType = image.png; path = "(friends challenge) champ.png"; sourceTree = "<group>"; };
		3CB63A511AE0138E00447B70 /* (friends challenge) inprogress.png */ = {isa = PBXFileReference; lastKnownFileType = image.png; path = "(friends challenge) inprogress.png"; sourceTree = "<group>"; };
		3CB63A521AE0138E00447B70 /* (friends leaderboard) alex.png */ = {isa = PBXFileReference; lastKnownFileType = image.png; path = "(friends leaderboard) alex.png"; sourceTree = "<group>"; };
		3CB63A531AE0138E00447B70 /* (friends leaderboard) jay.png */ = {isa = PBXFileReference; lastKnownFileType = image.png; path = "(friends leaderboard) jay.png"; sourceTree = "<group>"; };
		3CB63A541AE0138E00447B70 /* (friends leaderboard) mitchel.png */ = {isa = PBXFileReference; lastKnownFileType = image.png; path = "(friends leaderboard) mitchel.png"; sourceTree = "<group>"; };
		3CB63A551AE0138E00447B70 /* (home) frog.png */ = {isa = PBXFileReference; lastKnownFileType = image.png; path = "(home) frog.png"; sourceTree = "<group>"; };
		3CB63A561AE0138E00447B70 /* (home) hippo.png */ = {isa = PBXFileReference; lastKnownFileType = image.png; path = "(home) hippo.png"; sourceTree = "<group>"; };
		3CB63A571AE0138E00447B70 /* (menu) about.png */ = {isa = PBXFileReference; lastKnownFileType = image.png; path = "(menu) about.png"; sourceTree = "<group>"; };
		3CB63A581AE0138E00447B70 /* (menu) friends.png */ = {isa = PBXFileReference; lastKnownFileType = image.png; path = "(menu) friends.png"; sourceTree = "<group>"; };
		3CB63A591AE0138E00447B70 /* (menu) home.png */ = {isa = PBXFileReference; lastKnownFileType = image.png; path = "(menu) home.png"; sourceTree = "<group>"; };
		3CB63A5A1AE0138E00447B70 /* (menu) invite.png */ = {isa = PBXFileReference; lastKnownFileType = image.png; path = "(menu) invite.png"; sourceTree = "<group>"; };
		3CB63A5B1AE0138E00447B70 /* (menu) notification.png */ = {isa = PBXFileReference; lastKnownFileType = image.png; path = "(menu) notification.png"; sourceTree = "<group>"; };
		3CB63A5C1AE0138E00447B70 /* (menu) settings.png */ = {isa = PBXFileReference; lastKnownFileType = image.png; path = "(menu) settings.png"; sourceTree = "<group>"; };
		3CB63A5D1AE0138E00447B70 /* (menu) tips.png */ = {isa = PBXFileReference; lastKnownFileType = image.png; path = "(menu) tips.png"; sourceTree = "<group>"; };
		3CB63A7E1AE01A1000447B70 /* MenuViewController.h */ = {isa = PBXFileReference; fileEncoding = 4; lastKnownFileType = sourcecode.c.h; path = MenuViewController.h; sourceTree = "<group>"; };
		3CB63A7F1AE01A1000447B70 /* MenuViewController.m */ = {isa = PBXFileReference; fileEncoding = 4; lastKnownFileType = sourcecode.c.objc; path = MenuViewController.m; sourceTree = "<group>"; };
		3CB63A811AE01C5A00447B70 /* Phil.jpg */ = {isa = PBXFileReference; lastKnownFileType = image.jpeg; path = Phil.jpg; sourceTree = "<group>"; };
		3CCB76C41ADC8E3900BED9E8 /* JBBarChartView.h */ = {isa = PBXFileReference; fileEncoding = 4; lastKnownFileType = sourcecode.c.h; name = JBBarChartView.h; path = "../JBChartView-master/Classes/JBBarChartView.h"; sourceTree = "<group>"; };
		3CCB76C51ADC8E3900BED9E8 /* JBBarChartView.m */ = {isa = PBXFileReference; fileEncoding = 4; lastKnownFileType = sourcecode.c.objc; name = JBBarChartView.m; path = "../JBChartView-master/Classes/JBBarChartView.m"; sourceTree = "<group>"; };
		3CCB76C61ADC8E3900BED9E8 /* JBChartView.h */ = {isa = PBXFileReference; fileEncoding = 4; lastKnownFileType = sourcecode.c.h; name = JBChartView.h; path = "../JBChartView-master/Classes/JBChartView.h"; sourceTree = "<group>"; };
		3CCB76C71ADC8E3900BED9E8 /* JBChartView.m */ = {isa = PBXFileReference; fileEncoding = 4; lastKnownFileType = sourcecode.c.objc; name = JBChartView.m; path = "../JBChartView-master/Classes/JBChartView.m"; sourceTree = "<group>"; };
		3CCB76C81ADC8E3900BED9E8 /* JBLineChartView.h */ = {isa = PBXFileReference; fileEncoding = 4; lastKnownFileType = sourcecode.c.h; name = JBLineChartView.h; path = "../JBChartView-master/Classes/JBLineChartView.h"; sourceTree = "<group>"; };
		3CCB76C91ADC8E3900BED9E8 /* JBLineChartView.m */ = {isa = PBXFileReference; fileEncoding = 4; lastKnownFileType = sourcecode.c.objc; name = JBLineChartView.m; path = "../JBChartView-master/Classes/JBLineChartView.m"; sourceTree = "<group>"; };
		3CCB76CD1ADD34D800BED9E8 /* DLPieChart.h */ = {isa = PBXFileReference; fileEncoding = 4; lastKnownFileType = sourcecode.c.h; path = DLPieChart.h; sourceTree = "<group>"; };
		3CCB76CE1ADD34D800BED9E8 /* DLPieChart.m */ = {isa = PBXFileReference; fileEncoding = 4; lastKnownFileType = sourcecode.c.objc; path = DLPieChart.m; sourceTree = "<group>"; };
/* End PBXFileReference section */

/* Begin PBXFrameworksBuildPhase section */
		3CA7E3B01AD33FEB00432446 /* Frameworks */ = {
			isa = PBXFrameworksBuildPhase;
			buildActionMask = 2147483647;
			files = (
				3C80506C1AD49F29006583DC /* Accelerate.framework in Frameworks */,
				3C29F8B31AD4914100E9EB7C /* QuartzCore.framework in Frameworks */,
				3C29F8B11AD4913100E9EB7C /* SystemConfiguration.framework in Frameworks */,
				3C29F8AF1AD4912500E9EB7C /* Security.framework in Frameworks */,
				3C29F8AD1AD4911E00E9EB7C /* CFNetwork.framework in Frameworks */,
				3C29F8AB1AD4911800E9EB7C /* libc++.dylib in Frameworks */,
				3C29F8A91AD4911000E9EB7C /* libicucore.dylib in Frameworks */,
				3C29F8A71AD490F100E9EB7C /* Firebase.framework in Frameworks */,
			);
			runOnlyForDeploymentPostprocessing = 0;
		};
		3CA7E3C91AD33FEB00432446 /* Frameworks */ = {
			isa = PBXFrameworksBuildPhase;
			buildActionMask = 2147483647;
			files = (
			);
			runOnlyForDeploymentPostprocessing = 0;
		};
/* End PBXFrameworksBuildPhase section */

/* Begin PBXGroup section */
		3CA7E3AA1AD33FEB00432446 = {
			isa = PBXGroup;
			children = (
				3C80506B1AD49F29006583DC /* Accelerate.framework */,
				3C29F8B21AD4914100E9EB7C /* QuartzCore.framework */,
				3C29F8B01AD4913000E9EB7C /* SystemConfiguration.framework */,
				3C29F8AE1AD4912500E9EB7C /* Security.framework */,
				3C29F8AC1AD4911E00E9EB7C /* CFNetwork.framework */,
				3C29F8AA1AD4911800E9EB7C /* libc++.dylib */,
				3C29F8A81AD4911000E9EB7C /* libicucore.dylib */,
				3C29F8A61AD490F100E9EB7C /* Firebase.framework */,
				3CA7E3B51AD33FEB00432446 /* Watermelon */,
				3CA7E3CF1AD33FEB00432446 /* WatermelonTests */,
				3CA7E3B41AD33FEB00432446 /* Products */,
			);
			sourceTree = "<group>";
		};
		3CA7E3B41AD33FEB00432446 /* Products */ = {
			isa = PBXGroup;
			children = (
				3CA7E3B31AD33FEB00432446 /* Watermelon.app */,
				3CA7E3CC1AD33FEB00432446 /* WatermelonTests.xctest */,
			);
			name = Products;
			sourceTree = "<group>";
		};
		3CA7E3B51AD33FEB00432446 /* Watermelon */ = {
			isa = PBXGroup;
			children = (
				3CCB76CD1ADD34D800BED9E8 /* DLPieChart.h */,
				3CCB76CE1ADD34D800BED9E8 /* DLPieChart.m */,
				3CCB76C41ADC8E3900BED9E8 /* JBBarChartView.h */,
				3CCB76C51ADC8E3900BED9E8 /* JBBarChartView.m */,
				3CCB76C61ADC8E3900BED9E8 /* JBChartView.h */,
				3CCB76C71ADC8E3900BED9E8 /* JBChartView.m */,
				3C3F06E21AE780B3009B8B41 /* CustomCell.h */,
				3C3F06E31AE780B3009B8B41 /* CustomCell.m */,
				3C3F06E51AE7ABBC009B8B41 /* FriendsViewController.h */,
				3C3F06E61AE7ABBC009B8B41 /* FriendsViewController.m */,
				3C35A38C1AE8BC4600608FA8 /* LeaderCell.h */,
				3C35A38D1AE8BC4600608FA8 /* LeaderCell.m */,
				3CCB76C81ADC8E3900BED9E8 /* JBLineChartView.h */,
				3CCB76C91ADC8E3900BED9E8 /* JBLineChartView.m */,
				3C5F35D61AE5C8B500710197 /* AchievementViewController.h */,
				3C5F35D71AE5C8B500710197 /* AchievementViewController.m */,
				3CB63A7E1AE01A1000447B70 /* MenuViewController.h */,
				3CB63A7F1AE01A1000447B70 /* MenuViewController.m */,
				3CA7E3BA1AD33FEB00432446 /* AppDelegate.h */,
				3CA7E3BB1AD33FEB00432446 /* AppDelegate.m */,
				3CA7E3BD1AD33FEB00432446 /* ViewController.h */,
				3CA7E3BE1AD33FEB00432446 /* ViewController.m */,
				3C45394D1AD4ADDF0038DD1D /* TrackViewController.h */,
				3C45394E1AD4ADDF0038DD1D /* TrackViewController.m */,
				3CA7E3C01AD33FEB00432446 /* Main.storyboard */,
				3CA7E3C31AD33FEB00432446 /* Images.xcassets */,
				3CA7E3C51AD33FEB00432446 /* LaunchScreen.xib */,
				3CA7E3B61AD33FEB00432446 /* Supporting Files */,
			);
			path = Watermelon;
			sourceTree = "<group>";
		};
		3CA7E3B61AD33FEB00432446 /* Supporting Files */ = {
			isa = PBXGroup;
			children = (
				3CB63A811AE01C5A00447B70 /* Phil.jpg */,
				3CA7E3FA1AD3B91100432446 /* login with facebook.png */,
				3CA7E3F81AD39FC300432446 /* verticalsea.jpg */,
				3CA7E3E61AD3591B00432446 /* logo2 (1).bmp */,
				3CA7E3FC1AD3B9CD00432446 /* facebook-icon.png */,
				3CB63A3E1AE0138E00447B70 /* (achievement) american.png */,
				3CB63A3F1AE0138E00447B70 /* (achievement) locked.png */,
				3CB63A401AE0138E00447B70 /* (achievement) unlocked.png */,
				3CB63A411AE0138E00447B70 /* (achievement)Euro.png */,
				3CB63A421AE0138E00447B70 /* (achievements) frog.png */,
				3CB63A431AE0138E00447B70 /* (achievements)koala.png */,
				3CB63A441AE0138E00447B70 /* (add challenge find friends) close.png */,
				3CB63A451AE0138E00447B70 /* (add challenge find friends) search.png */,
				3CB63A461AE0138E00447B70 /* (bar) achievement.png */,
				3CB63A471AE0138E00447B70 /* (bar) achievement(selected.png */,
				3CB63A481AE0138E00447B70 /* (bar) challenge.png */,
				3CB63A491AE0138E00447B70 /* (bar) friends-selected.png */,
				3CB63A4A1AE0138E00447B70 /* (bar) friends.png */,
				3CB63A4B1AE0138E00447B70 /* (bar) graph-selected.png */,
				3CB63A4C1AE0138E00447B70 /* (bar) graph.png */,
				3CB63A4D1AE0138E00447B70 /* (bar) home-selected.png */,
				3CB63A4E1AE0138E00447B70 /* (bar) home.png */,
				3CB63A4F1AE0138E00447B70 /* (bar) menu.png */,
				3CB63A501AE0138E00447B70 /* (friends challenge) champ.png */,
				3CB63A511AE0138E00447B70 /* (friends challenge) inprogress.png */,
				3CB63A521AE0138E00447B70 /* (friends leaderboard) alex.png */,
				3CB63A531AE0138E00447B70 /* (friends leaderboard) jay.png */,
				3CB63A541AE0138E00447B70 /* (friends leaderboard) mitchel.png */,
				3CB63A551AE0138E00447B70 /* (home) frog.png */,
				3CB63A561AE0138E00447B70 /* (home) hippo.png */,
				3CB63A571AE0138E00447B70 /* (menu) about.png */,
				3CB63A581AE0138E00447B70 /* (menu) friends.png */,
				3CB63A591AE0138E00447B70 /* (menu) home.png */,
				3CB63A5A1AE0138E00447B70 /* (menu) invite.png */,
				3CB63A5B1AE0138E00447B70 /* (menu) notification.png */,
				3CB63A5C1AE0138E00447B70 /* (menu) settings.png */,
				3CB63A5D1AE0138E00447B70 /* (menu) tips.png */,
				3CA7E3F21AD3714200432446 /* logo.png */,
				3CA7E3EA1AD35CD200432446 /* blurredsea.png */,
				3CA7E3EC1AD35DFB00432446 /* philcircle.png */,
				3CA7E3E21AD34B8700432446 /* gray backgound.jpg */,
				3CA7E3E81AD359F800432446 /* Light-Grey-Background.jpg */,
				3CA7E3DE1AD342F200432446 /* sea.jpg */,
				3CA7E3B71AD33FEB00432446 /* Info.plist */,
				3CA7E3B81AD33FEB00432446 /* main.m */,
			);
			name = "Supporting Files";
			sourceTree = "<group>";
		};
		3CA7E3CF1AD33FEB00432446 /* WatermelonTests */ = {
			isa = PBXGroup;
			children = (
				3CA7E3D21AD33FEB00432446 /* WatermelonTests.m */,
				3CA7E3D01AD33FEB00432446 /* Supporting Files */,
			);
			path = WatermelonTests;
			sourceTree = "<group>";
		};
		3CA7E3D01AD33FEB00432446 /* Supporting Files */ = {
			isa = PBXGroup;
			children = (
				3CA7E3D11AD33FEB00432446 /* Info.plist */,
			);
			name = "Supporting Files";
			sourceTree = "<group>";
		};
/* End PBXGroup section */

/* Begin PBXNativeTarget section */
		3CA7E3B21AD33FEB00432446 /* Watermelon */ = {
			isa = PBXNativeTarget;
			buildConfigurationList = 3CA7E3D61AD33FEB00432446 /* Build configuration list for PBXNativeTarget "Watermelon" */;
			buildPhases = (
				3CA7E3AF1AD33FEB00432446 /* Sources */,
				3CA7E3B01AD33FEB00432446 /* Frameworks */,
				3CA7E3B11AD33FEB00432446 /* Resources */,
			);
			buildRules = (
			);
			dependencies = (
			);
			name = Watermelon;
			productName = Watermelon;
			productReference = 3CA7E3B31AD33FEB00432446 /* Watermelon.app */;
			productType = "com.apple.product-type.application";
		};
		3CA7E3CB1AD33FEB00432446 /* WatermelonTests */ = {
			isa = PBXNativeTarget;
			buildConfigurationList = 3CA7E3D91AD33FEB00432446 /* Build configuration list for PBXNativeTarget "WatermelonTests" */;
			buildPhases = (
				3CA7E3C81AD33FEB00432446 /* Sources */,
				3CA7E3C91AD33FEB00432446 /* Frameworks */,
				3CA7E3CA1AD33FEB00432446 /* Resources */,
			);
			buildRules = (
			);
			dependencies = (
				3CA7E3CE1AD33FEB00432446 /* PBXTargetDependency */,
			);
			name = WatermelonTests;
			productName = WatermelonTests;
			productReference = 3CA7E3CC1AD33FEB00432446 /* WatermelonTests.xctest */;
			productType = "com.apple.product-type.bundle.unit-test";
		};
/* End PBXNativeTarget section */

/* Begin PBXProject section */
		3CA7E3AB1AD33FEB00432446 /* Project object */ = {
			isa = PBXProject;
			attributes = {
				LastUpgradeCheck = 0620;
				ORGANIZATIONNAME = "Ian Chen";
				TargetAttributes = {
					3CA7E3B21AD33FEB00432446 = {
						CreatedOnToolsVersion = 6.2;
						DevelopmentTeam = W7BDRVLLQN;
					};
					3CA7E3CB1AD33FEB00432446 = {
						CreatedOnToolsVersion = 6.2;
						TestTargetID = 3CA7E3B21AD33FEB00432446;
					};
				};
			};
			buildConfigurationList = 3CA7E3AE1AD33FEB00432446 /* Build configuration list for PBXProject "Watermelon" */;
			compatibilityVersion = "Xcode 3.2";
			developmentRegion = English;
			hasScannedForEncodings = 0;
			knownRegions = (
				en,
				Base,
				English,
			);
			mainGroup = 3CA7E3AA1AD33FEB00432446;
			productRefGroup = 3CA7E3B41AD33FEB00432446 /* Products */;
			projectDirPath = "";
			projectRoot = "";
			targets = (
				3CA7E3B21AD33FEB00432446 /* Watermelon */,
				3CA7E3CB1AD33FEB00432446 /* WatermelonTests */,
			);
		};
/* End PBXProject section */

/* Begin PBXResourcesBuildPhase section */
		3CA7E3B11AD33FEB00432446 /* Resources */ = {
			isa = PBXResourcesBuildPhase;
			buildActionMask = 2147483647;
			files = (
				3CB63A771AE0138E00447B70 /* (menu) about.png in Resources */,
				3CB63A6B1AE0138E00447B70 /* (bar) graph-selected.png in Resources */,
				3CA7E3F91AD39FC300432446 /* verticalsea.jpg in Resources */,
				3CA7E3ED1AD35DFB00432446 /* philcircle.png in Resources */,
				3CB63A781AE0138E00447B70 /* (menu) friends.png in Resources */,
				3CB63A751AE0138E00447B70 /* (home) frog.png in Resources */,
				3CA7E3C21AD33FEB00432446 /* Main.storyboard in Resources */,
				3CB63A6D1AE0138E00447B70 /* (bar) home-selected.png in Resources */,
				3CB63A821AE01C5A00447B70 /* Phil.jpg in Resources */,
				3CB63A7A1AE0138E00447B70 /* (menu) invite.png in Resources */,
				3CB63A601AE0138E00447B70 /* (achievement) unlocked.png in Resources */,
				3CB63A621AE0138E00447B70 /* (achievements) frog.png in Resources */,
				3CB63A6E1AE0138E00447B70 /* (bar) home.png in Resources */,
				3CB63A641AE0138E00447B70 /* (add challenge find friends) close.png in Resources */,
				3CB63A661AE0138E00447B70 /* (bar) achievement.png in Resources */,
				3CA7E3DF1AD342F200432446 /* sea.jpg in Resources */,
				3CB63A7B1AE0138E00447B70 /* (menu) notification.png in Resources */,
				3CB63A721AE0138E00447B70 /* (friends leaderboard) alex.png in Resources */,
				3CA7E3E31AD34B8700432446 /* gray backgound.jpg in Resources */,
				3CB63A691AE0138E00447B70 /* (bar) friends-selected.png in Resources */,
				3CA7E3F31AD3714200432446 /* logo.png in Resources */,
				3CB63A6F1AE0138E00447B70 /* (bar) menu.png in Resources */,
				3CB63A791AE0138E00447B70 /* (menu) home.png in Resources */,
				3CB63A701AE0138E00447B70 /* (friends challenge) champ.png in Resources */,
				3CA7E3C71AD33FEB00432446 /* LaunchScreen.xib in Resources */,
				3CA7E3FB1AD3B91100432446 /* login with facebook.png in Resources */,
				3CA7E3C41AD33FEB00432446 /* Images.xcassets in Resources */,
				3CB63A731AE0138E00447B70 /* (friends leaderboard) jay.png in Resources */,
				3CB63A671AE0138E00447B70 /* (bar) achievement(selected.png in Resources */,
				3CB63A7D1AE0138E00447B70 /* (menu) tips.png in Resources */,
				3CA7E3E91AD359F800432446 /* Light-Grey-Background.jpg in Resources */,
				3CB63A761AE0138E00447B70 /* (home) hippo.png in Resources */,
				3CB63A6A1AE0138E00447B70 /* (bar) friends.png in Resources */,
				3CB63A631AE0138E00447B70 /* (achievements)koala.png in Resources */,
				3CB63A681AE0138E00447B70 /* (bar) challenge.png in Resources */,
				3CB63A5E1AE0138E00447B70 /* (achievement) american.png in Resources */,
				3CB63A5F1AE0138E00447B70 /* (achievement) locked.png in Resources */,
				3CB63A741AE0138E00447B70 /* (friends leaderboard) mitchel.png in Resources */,
				3CB63A7C1AE0138E00447B70 /* (menu) settings.png in Resources */,
				3CA7E3FD1AD3B9CD00432446 /* facebook-icon.png in Resources */,
				3CB63A711AE0138E00447B70 /* (friends challenge) inprogress.png in Resources */,
				3CA7E3EB1AD35CD200432446 /* blurredsea.png in Resources */,
				3CB63A6C1AE0138E00447B70 /* (bar) graph.png in Resources */,
				3CB63A651AE0138E00447B70 /* (add challenge find friends) search.png in Resources */,
				3CB63A611AE0138E00447B70 /* (achievement)Euro.png in Resources */,
				3CA7E3E71AD3591B00432446 /* logo2 (1).bmp in Resources */,
			);
			runOnlyForDeploymentPostprocessing = 0;
		};
		3CA7E3CA1AD33FEB00432446 /* Resources */ = {
			isa = PBXResourcesBuildPhase;
			buildActionMask = 2147483647;
			files = (
			);
			runOnlyForDeploymentPostprocessing = 0;
		};
/* End PBXResourcesBuildPhase section */

/* Begin PBXSourcesBuildPhase section */
		3CA7E3AF1AD33FEB00432446 /* Sources */ = {
			isa = PBXSourcesBuildPhase;
			buildActionMask = 2147483647;
			files = (
				3C3F06E71AE7ABBC009B8B41 /* FriendsViewController.m in Sources */,
				3C45394F1AD4ADDF0038DD1D /* TrackViewController.m in Sources */,
				3CB63A801AE01A1000447B70 /* MenuViewController.m in Sources */,
				3C3F06E41AE780B3009B8B41 /* CustomCell.m in Sources */,
				3CCB76CB1ADC8E3900BED9E8 /* JBChartView.m in Sources */,
				3C35A38E1AE8BC4600608FA8 /* LeaderCell.m in Sources */,
				3CCB76CC1ADC8E3900BED9E8 /* JBLineChartView.m in Sources */,
				3CCB76CA1ADC8E3900BED9E8 /* JBBarChartView.m in Sources */,
				3CA7E3BF1AD33FEB00432446 /* ViewController.m in Sources */,
				3CA7E3BC1AD33FEB00432446 /* AppDelegate.m in Sources */,
				3CA7E3B91AD33FEB00432446 /* main.m in Sources */,
				3C5F35D81AE5C8B500710197 /* AchievementViewController.m in Sources */,
				3CCB76CF1ADD34D800BED9E8 /* DLPieChart.m in Sources */,
			);
			runOnlyForDeploymentPostprocessing = 0;
		};
		3CA7E3C81AD33FEB00432446 /* Sources */ = {
			isa = PBXSourcesBuildPhase;
			buildActionMask = 2147483647;
			files = (
				3CA7E3D31AD33FEB00432446 /* WatermelonTests.m in Sources */,
			);
			runOnlyForDeploymentPostprocessing = 0;
		};
/* End PBXSourcesBuildPhase section */

/* Begin PBXTargetDependency section */
		3CA7E3CE1AD33FEB00432446 /* PBXTargetDependency */ = {
			isa = PBXTargetDependency;
			target = 3CA7E3B21AD33FEB00432446 /* Watermelon */;
			targetProxy = 3CA7E3CD1AD33FEB00432446 /* PBXContainerItemProxy */;
		};
/* End PBXTargetDependency section */

/* Begin PBXVariantGroup section */
		3CA7E3C01AD33FEB00432446 /* Main.storyboard */ = {
			isa = PBXVariantGroup;
			children = (
				3CA7E3C11AD33FEB00432446 /* Base */,
			);
			name = Main.storyboard;
			sourceTree = "<group>";
		};
		3CA7E3C51AD33FEB00432446 /* LaunchScreen.xib */ = {
			isa = PBXVariantGroup;
			children = (
				3CA7E3C61AD33FEB00432446 /* Base */,
			);
			name = LaunchScreen.xib;
			sourceTree = "<group>";
		};
/* End PBXVariantGroup section */

/* Begin XCBuildConfiguration section */
		3CA7E3D41AD33FEB00432446 /* Debug */ = {
			isa = XCBuildConfiguration;
			buildSettings = {
				ALWAYS_SEARCH_USER_PATHS = NO;
				CLANG_CXX_LANGUAGE_STANDARD = "gnu++0x";
				CLANG_CXX_LIBRARY = "libc++";
				CLANG_ENABLE_MODULES = YES;
				CLANG_ENABLE_OBJC_ARC = YES;
				CLANG_WARN_BOOL_CONVERSION = YES;
				CLANG_WARN_CONSTANT_CONVERSION = YES;
				CLANG_WARN_DIRECT_OBJC_ISA_USAGE = YES_ERROR;
				CLANG_WARN_EMPTY_BODY = YES;
				CLANG_WARN_ENUM_CONVERSION = YES;
				CLANG_WARN_INT_CONVERSION = YES;
				CLANG_WARN_OBJC_ROOT_CLASS = YES_ERROR;
				CLANG_WARN_UNREACHABLE_CODE = YES;
				CLANG_WARN__DUPLICATE_METHOD_MATCH = YES;
				"CODE_SIGN_IDENTITY[sdk=iphoneos*]" = "iPhone Developer";
				COPY_PHASE_STRIP = NO;
				ENABLE_STRICT_OBJC_MSGSEND = YES;
				GCC_C_LANGUAGE_STANDARD = gnu99;
				GCC_DYNAMIC_NO_PIC = NO;
				GCC_OPTIMIZATION_LEVEL = 0;
				GCC_PREPROCESSOR_DEFINITIONS = (
					"DEBUG=1",
					"$(inherited)",
				);
				GCC_SYMBOLS_PRIVATE_EXTERN = NO;
				GCC_WARN_64_TO_32_BIT_CONVERSION = YES;
				GCC_WARN_ABOUT_RETURN_TYPE = YES_ERROR;
				GCC_WARN_UNDECLARED_SELECTOR = YES;
				GCC_WARN_UNINITIALIZED_AUTOS = YES_AGGRESSIVE;
				GCC_WARN_UNUSED_FUNCTION = YES;
				GCC_WARN_UNUSED_VARIABLE = YES;
				IPHONEOS_DEPLOYMENT_TARGET = 8.2;
				MTL_ENABLE_DEBUG_INFO = YES;
				ONLY_ACTIVE_ARCH = YES;
				SDKROOT = iphoneos;
				TARGETED_DEVICE_FAMILY = "1,2";
			};
			name = Debug;
		};
		3CA7E3D51AD33FEB00432446 /* Release */ = {
			isa = XCBuildConfiguration;
			buildSettings = {
				ALWAYS_SEARCH_USER_PATHS = NO;
				CLANG_CXX_LANGUAGE_STANDARD = "gnu++0x";
				CLANG_CXX_LIBRARY = "libc++";
				CLANG_ENABLE_MODULES = YES;
				CLANG_ENABLE_OBJC_ARC = YES;
				CLANG_WARN_BOOL_CONVERSION = YES;
				CLANG_WARN_CONSTANT_CONVERSION = YES;
				CLANG_WARN_DIRECT_OBJC_ISA_USAGE = YES_ERROR;
				CLANG_WARN_EMPTY_BODY = YES;
				CLANG_WARN_ENUM_CONVERSION = YES;
				CLANG_WARN_INT_CONVERSION = YES;
				CLANG_WARN_OBJC_ROOT_CLASS = YES_ERROR;
				CLANG_WARN_UNREACHABLE_CODE = YES;
				CLANG_WARN__DUPLICATE_METHOD_MATCH = YES;
				"CODE_SIGN_IDENTITY[sdk=iphoneos*]" = "iPhone Developer";
				COPY_PHASE_STRIP = NO;
				ENABLE_NS_ASSERTIONS = NO;
				ENABLE_STRICT_OBJC_MSGSEND = YES;
				GCC_C_LANGUAGE_STANDARD = gnu99;
				GCC_WARN_64_TO_32_BIT_CONVERSION = YES;
				GCC_WARN_ABOUT_RETURN_TYPE = YES_ERROR;
				GCC_WARN_UNDECLARED_SELECTOR = YES;
				GCC_WARN_UNINITIALIZED_AUTOS = YES_AGGRESSIVE;
				GCC_WARN_UNUSED_FUNCTION = YES;
				GCC_WARN_UNUSED_VARIABLE = YES;
				IPHONEOS_DEPLOYMENT_TARGET = 8.2;
				MTL_ENABLE_DEBUG_INFO = NO;
				SDKROOT = iphoneos;
				TARGETED_DEVICE_FAMILY = "1,2";
				VALIDATE_PRODUCT = YES;
			};
			name = Release;
		};
		3CA7E3D71AD33FEB00432446 /* Debug */ = {
			isa = XCBuildConfiguration;
			buildSettings = {
				ASSETCATALOG_COMPILER_APPICON_NAME = AppIcon;
				CODE_SIGN_IDENTITY = "iPhone Developer";
				"CODE_SIGN_IDENTITY[sdk=iphoneos*]" = "iPhone Developer";
				FRAMEWORK_SEARCH_PATHS = (
					"$(inherited)",
					"$(PROJECT_DIR)",
					/Users/ian/Downloads/GraphX/Source/build/Deployment,
				);
				INFOPLIST_FILE = Watermelon/Info.plist;
				IPHONEOS_DEPLOYMENT_TARGET = 8.0;
				LD_RUNPATH_SEARCH_PATHS = "$(inherited) @executable_path/Frameworks";
				OTHER_LDFLAGS = "-ObjC";
				PRODUCT_NAME = "$(TARGET_NAME)";
				PROVISIONING_PROFILE = "";
			};
			name = Debug;
		};
		3CA7E3D81AD33FEB00432446 /* Release */ = {
			isa = XCBuildConfiguration;
			buildSettings = {
				ASSETCATALOG_COMPILER_APPICON_NAME = AppIcon;
				CODE_SIGN_IDENTITY = "iPhone Developer";
				"CODE_SIGN_IDENTITY[sdk=iphoneos*]" = "iPhone Developer";
				FRAMEWORK_SEARCH_PATHS = (
					"$(inherited)",
					"$(PROJECT_DIR)",
					/Users/ian/Downloads/GraphX/Source/build/Deployment,
				);
				INFOPLIST_FILE = Watermelon/Info.plist;
				IPHONEOS_DEPLOYMENT_TARGET = 8.0;
				LD_RUNPATH_SEARCH_PATHS = "$(inherited) @executable_path/Frameworks";
				OTHER_LDFLAGS = "-ObjC";
				PRODUCT_NAME = "$(TARGET_NAME)";
				PROVISIONING_PROFILE = "";
			};
			name = Release;
		};
		3CA7E3DA1AD33FEB00432446 /* Debug */ = {
			isa = XCBuildConfiguration;
			buildSettings = {
				BUNDLE_LOADER = "$(TEST_HOST)";
				FRAMEWORK_SEARCH_PATHS = (
					"$(SDKROOT)/Developer/Library/Frameworks",
					"$(inherited)",
				);
				GCC_PREPROCESSOR_DEFINITIONS = (
					"DEBUG=1",
					"$(inherited)",
				);
				INFOPLIST_FILE = WatermelonTests/Info.plist;
				LD_RUNPATH_SEARCH_PATHS = "$(inherited) @executable_path/Frameworks @loader_path/Frameworks";
				PRODUCT_NAME = "$(TARGET_NAME)";
				TEST_HOST = "$(BUILT_PRODUCTS_DIR)/Watermelon.app/Watermelon";
			};
			name = Debug;
		};
		3CA7E3DB1AD33FEB00432446 /* Release */ = {
			isa = XCBuildConfiguration;
			buildSettings = {
				BUNDLE_LOADER = "$(TEST_HOST)";
				FRAMEWORK_SEARCH_PATHS = (
					"$(SDKROOT)/Developer/Library/Frameworks",
					"$(inherited)",
				);
				INFOPLIST_FILE = WatermelonTests/Info.plist;
				LD_RUNPATH_SEARCH_PATHS = "$(inherited) @executable_path/Frameworks @loader_path/Frameworks";
				PRODUCT_NAME = "$(TARGET_NAME)";
				TEST_HOST = "$(BUILT_PRODUCTS_DIR)/Watermelon.app/Watermelon";
			};
			name = Release;
		};
/* End XCBuildConfiguration section */

/* Begin XCConfigurationList section */
		3CA7E3AE1AD33FEB00432446 /* Build configuration list for PBXProject "Watermelon" */ = {
			isa = XCConfigurationList;
			buildConfigurations = (
				3CA7E3D41AD33FEB00432446 /* Debug */,
				3CA7E3D51AD33FEB00432446 /* Release */,
			);
			defaultConfigurationIsVisible = 0;
			defaultConfigurationName = Release;
		};
		3CA7E3D61AD33FEB00432446 /* Build configuration list for PBXNativeTarget "Watermelon" */ = {
			isa = XCConfigurationList;
			buildConfigurations = (
				3CA7E3D71AD33FEB00432446 /* Debug */,
				3CA7E3D81AD33FEB00432446 /* Release */,
			);
			defaultConfigurationIsVisible = 0;
			defaultConfigurationName = Release;
		};
		3CA7E3D91AD33FEB00432446 /* Build configuration list for PBXNativeTarget "WatermelonTests" */ = {
			isa = XCConfigurationList;
			buildConfigurations = (
				3CA7E3DA1AD33FEB00432446 /* Debug */,
				3CA7E3DB1AD33FEB00432446 /* Release */,
			);
			defaultConfigurationIsVisible = 0;
			defaultConfigurationName = Release;
		};
/* End XCConfigurationList section */
	};
	rootObject = 3CA7E3AB1AD33FEB00432446 /* Project object */;
}
